// !$*UTF8*$!
{
	archiveVersion = 1;
	classes = {
	};
	objectVersion = 55;
	objects = {

/* Begin PBXBuildFile section */
		811CE8D6280D3C4700678FF5 /* PhotoModel.swift in Sources */ = {isa = PBXBuildFile; fileRef = 811CE8D5280D3C4700678FF5 /* PhotoModel.swift */; };
		811D978127F4A08200022B18 /* ProfileHeaderView.swift in Sources */ = {isa = PBXBuildFile; fileRef = 811D978027F4A08200022B18 /* ProfileHeaderView.swift */; };
		815F45D9280834F80056173C /* PhotosTableViewCell.swift in Sources */ = {isa = PBXBuildFile; fileRef = 815F45D8280834F80056173C /* PhotosTableViewCell.swift */; };
		8161C73728111D8200D781F1 /* GestureViewController.swift in Sources */ = {isa = PBXBuildFile; fileRef = 8161C73628111D8200D781F1 /* GestureViewController.swift */; };
		8170C7062808988B00E66DBA /* PhotosViewController.swift in Sources */ = {isa = PBXBuildFile; fileRef = 8170C7052808988B00E66DBA /* PhotosViewController.swift */; };
		8170C70928089DB400E66DBA /* PhotosCollectionViewCell.swift in Sources */ = {isa = PBXBuildFile; fileRef = 8170C70828089DB400E66DBA /* PhotosCollectionViewCell.swift */; };
		819D066127FC733E00841B66 /* LogInViewController.swift in Sources */ = {isa = PBXBuildFile; fileRef = 819D066027FC733E00841B66 /* LogInViewController.swift */; };
		819DD174281A6EBA00DDC7A8 /* FullPostViewController.swift in Sources */ = {isa = PBXBuildFile; fileRef = 819DD173281A6EBA00DDC7A8 /* FullPostViewController.swift */; };
		819DD176281A712D00DDC7A8 /* FullPostView.swift in Sources */ = {isa = PBXBuildFile; fileRef = 819DD175281A712D00DDC7A8 /* FullPostView.swift */; };
		81CC422928048E010061AD9B /* PostModel.swift in Sources */ = {isa = PBXBuildFile; fileRef = 81CC422828048E010061AD9B /* PostModel.swift */; };
		81CC422B280498440061AD9B /* PostTableViewCell.swift in Sources */ = {isa = PBXBuildFile; fileRef = 81CC422A280498440061AD9B /* PostTableViewCell.swift */; };
		81D6561227F33DA40036F469 /* AppDelegate.swift in Sources */ = {isa = PBXBuildFile; fileRef = 81D6561127F33DA40036F469 /* AppDelegate.swift */; };
		81D6561B27F33DA40036F469 /* Assets.xcassets in Resources */ = {isa = PBXBuildFile; fileRef = 81D6561A27F33DA40036F469 /* Assets.xcassets */; };
		81D6561E27F33DA40036F469 /* LaunchScreen.storyboard in Resources */ = {isa = PBXBuildFile; fileRef = 81D6561C27F33DA40036F469 /* LaunchScreen.storyboard */; };
		81D6562627F347CA0036F469 /* FeedViewController.swift in Sources */ = {isa = PBXBuildFile; fileRef = 81D6562527F347CA0036F469 /* FeedViewController.swift */; };
		81D6562827F347D70036F469 /* ProfileViewController.swift in Sources */ = {isa = PBXBuildFile; fileRef = 81D6562727F347D70036F469 /* ProfileViewController.swift */; };
		81D6562A27F34E640036F469 /* PostViewController.swift in Sources */ = {isa = PBXBuildFile; fileRef = 81D6562927F34E640036F469 /* PostViewController.swift */; };
		81D6562C27F354AC0036F469 /* Post.swift in Sources */ = {isa = PBXBuildFile; fileRef = 81D6562B27F354AC0036F469 /* Post.swift */; };
		81D6563027F454050036F469 /* InfoViewController.swift in Sources */ = {isa = PBXBuildFile; fileRef = 81D6562F27F454040036F469 /* InfoViewController.swift */; };
		81DD45E628196EE2004460D4 /* TapLikeProtocol.swift in Sources */ = {isa = PBXBuildFile; fileRef = 81DD45E528196EE2004460D4 /* TapLikeProtocol.swift */; };
		81EEF6C7281ABAB20050B602 /* FullPhotoViewController.swift in Sources */ = {isa = PBXBuildFile; fileRef = 81EEF6C6281ABAB20050B602 /* FullPhotoViewController.swift */; };
		81FE9696281D7A87004A03F3 /* FullPhotoView.swift in Sources */ = {isa = PBXBuildFile; fileRef = 81FE9695281D7A87004A03F3 /* FullPhotoView.swift */; };
/* End PBXBuildFile section */

/* Begin PBXFileReference section */
		811CE8D5280D3C4700678FF5 /* PhotoModel.swift */ = {isa = PBXFileReference; lastKnownFileType = sourcecode.swift; path = PhotoModel.swift; sourceTree = "<group>"; };
		811D978027F4A08200022B18 /* ProfileHeaderView.swift */ = {isa = PBXFileReference; lastKnownFileType = sourcecode.swift; path = ProfileHeaderView.swift; sourceTree = "<group>"; };
		815F45D8280834F80056173C /* PhotosTableViewCell.swift */ = {isa = PBXFileReference; lastKnownFileType = sourcecode.swift; path = PhotosTableViewCell.swift; sourceTree = "<group>"; };
		8161C73628111D8200D781F1 /* GestureViewController.swift */ = {isa = PBXFileReference; lastKnownFileType = sourcecode.swift; path = GestureViewController.swift; sourceTree = "<group>"; };
		8170C7052808988B00E66DBA /* PhotosViewController.swift */ = {isa = PBXFileReference; lastKnownFileType = sourcecode.swift; path = PhotosViewController.swift; sourceTree = "<group>"; };
		8170C70828089DB400E66DBA /* PhotosCollectionViewCell.swift */ = {isa = PBXFileReference; lastKnownFileType = sourcecode.swift; path = PhotosCollectionViewCell.swift; sourceTree = "<group>"; };
		819D066027FC733E00841B66 /* LogInViewController.swift */ = {isa = PBXFileReference; lastKnownFileType = sourcecode.swift; path = LogInViewController.swift; sourceTree = "<group>"; };
		819DD173281A6EBA00DDC7A8 /* FullPostViewController.swift */ = {isa = PBXFileReference; lastKnownFileType = sourcecode.swift; path = FullPostViewController.swift; sourceTree = "<group>"; };
		819DD175281A712D00DDC7A8 /* FullPostView.swift */ = {isa = PBXFileReference; lastKnownFileType = sourcecode.swift; path = FullPostView.swift; sourceTree = "<group>"; };
		81CC422828048E010061AD9B /* PostModel.swift */ = {isa = PBXFileReference; lastKnownFileType = sourcecode.swift; path = PostModel.swift; sourceTree = "<group>"; };
		81CC422A280498440061AD9B /* PostTableViewCell.swift */ = {isa = PBXFileReference; lastKnownFileType = sourcecode.swift; path = PostTableViewCell.swift; sourceTree = "<group>"; };
		81D6560E27F33DA40036F469 /* Navigation.app */ = {isa = PBXFileReference; explicitFileType = wrapper.application; includeInIndex = 0; path = Navigation.app; sourceTree = BUILT_PRODUCTS_DIR; };
		81D6561127F33DA40036F469 /* AppDelegate.swift */ = {isa = PBXFileReference; lastKnownFileType = sourcecode.swift; path = AppDelegate.swift; sourceTree = "<group>"; };
		81D6561A27F33DA40036F469 /* Assets.xcassets */ = {isa = PBXFileReference; lastKnownFileType = folder.assetcatalog; path = Assets.xcassets; sourceTree = "<group>"; };
		81D6561D27F33DA40036F469 /* Base */ = {isa = PBXFileReference; lastKnownFileType = file.storyboard; name = Base; path = Base.lproj/LaunchScreen.storyboard; sourceTree = "<group>"; };
		81D6561F27F33DA40036F469 /* Info.plist */ = {isa = PBXFileReference; lastKnownFileType = text.plist.xml; path = Info.plist; sourceTree = "<group>"; };
		81D6562527F347CA0036F469 /* FeedViewController.swift */ = {isa = PBXFileReference; lastKnownFileType = sourcecode.swift; path = FeedViewController.swift; sourceTree = "<group>"; };
		81D6562727F347D70036F469 /* ProfileViewController.swift */ = {isa = PBXFileReference; lastKnownFileType = sourcecode.swift; path = ProfileViewController.swift; sourceTree = "<group>"; };
		81D6562927F34E640036F469 /* PostViewController.swift */ = {isa = PBXFileReference; lastKnownFileType = sourcecode.swift; path = PostViewController.swift; sourceTree = "<group>"; };
		81D6562B27F354AC0036F469 /* Post.swift */ = {isa = PBXFileReference; lastKnownFileType = sourcecode.swift; path = Post.swift; sourceTree = "<group>"; };
		81D6562F27F454040036F469 /* InfoViewController.swift */ = {isa = PBXFileReference; lastKnownFileType = sourcecode.swift; path = InfoViewController.swift; sourceTree = "<group>"; };
		81DD45E528196EE2004460D4 /* TapLikeProtocol.swift */ = {isa = PBXFileReference; lastKnownFileType = sourcecode.swift; path = TapLikeProtocol.swift; sourceTree = "<group>"; };
		81EEF6C6281ABAB20050B602 /* FullPhotoViewController.swift */ = {isa = PBXFileReference; lastKnownFileType = sourcecode.swift; path = FullPhotoViewController.swift; sourceTree = "<group>"; };
		81FE9695281D7A87004A03F3 /* FullPhotoView.swift */ = {isa = PBXFileReference; lastKnownFileType = sourcecode.swift; path = FullPhotoView.swift; sourceTree = "<group>"; };
/* End PBXFileReference section */

/* Begin PBXFrameworksBuildPhase section */
		81D6560B27F33DA40036F469 /* Frameworks */ = {
			isa = PBXFrameworksBuildPhase;
			buildActionMask = 2147483647;
			files = (
			);
			runOnlyForDeploymentPostprocessing = 0;
		};
/* End PBXFrameworksBuildPhase section */

/* Begin PBXGroup section */
		811D977B27F47B8D00022B18 /* Profile */ = {
			isa = PBXGroup;
			children = (
			);
			path = Profile;
			sourceTree = "<group>";
		};
		819DD170281A6BF800DDC7A8 /* Controller */ = {
			isa = PBXGroup;
			children = (
				81D6562727F347D70036F469 /* ProfileViewController.swift */,
				819DD173281A6EBA00DDC7A8 /* FullPostViewController.swift */,
				819D066027FC733E00841B66 /* LogInViewController.swift */,
				81D6562527F347CA0036F469 /* FeedViewController.swift */,
				81D6562927F34E640036F469 /* PostViewController.swift */,
				81D6562F27F454040036F469 /* InfoViewController.swift */,
				8170C7052808988B00E66DBA /* PhotosViewController.swift */,
				81EEF6C6281ABAB20050B602 /* FullPhotoViewController.swift */,
				8161C73628111D8200D781F1 /* GestureViewController.swift */,
			);
			path = Controller;
			sourceTree = "<group>";
		};
		819DD171281A6C0E00DDC7A8 /* Cell and View */ = {
			isa = PBXGroup;
			children = (
				81CC422A280498440061AD9B /* PostTableViewCell.swift */,
				815F45D8280834F80056173C /* PhotosTableViewCell.swift */,
				8170C70828089DB400E66DBA /* PhotosCollectionViewCell.swift */,
				811D978027F4A08200022B18 /* ProfileHeaderView.swift */,
				819DD175281A712D00DDC7A8 /* FullPostView.swift */,
				81FE9695281D7A87004A03F3 /* FullPhotoView.swift */,
			);
			path = "Cell and View";
			sourceTree = "<group>";
		};
		819DD172281A6C4600DDC7A8 /* Model */ = {
			isa = PBXGroup;
			children = (
				811CE8D5280D3C4700678FF5 /* PhotoModel.swift */,
				81CC422828048E010061AD9B /* PostModel.swift */,
			);
			path = Model;
			sourceTree = "<group>";
		};
		81D6560527F33DA40036F469 = {
			isa = PBXGroup;
			children = (
				81D6561027F33DA40036F469 /* Navigation */,
				81D6560F27F33DA40036F469 /* Products */,
			);
			sourceTree = "<group>";
		};
		81D6560F27F33DA40036F469 /* Products */ = {
			isa = PBXGroup;
			children = (
				81D6560E27F33DA40036F469 /* Navigation.app */,
			);
			name = Products;
			sourceTree = "<group>";
		};
		81D6561027F33DA40036F469 /* Navigation */ = {
			isa = PBXGroup;
			children = (
				819DD172281A6C4600DDC7A8 /* Model */,
				819DD171281A6C0E00DDC7A8 /* Cell and View */,
				819DD170281A6BF800DDC7A8 /* Controller */,
				81DD45E428196EC4004460D4 /* Protocol */,
				811D977B27F47B8D00022B18 /* Profile */,
				81D6562B27F354AC0036F469 /* Post.swift */,
				81D6561127F33DA40036F469 /* AppDelegate.swift */,
				81D6561A27F33DA40036F469 /* Assets.xcassets */,
				81D6561C27F33DA40036F469 /* LaunchScreen.storyboard */,
				81D6561F27F33DA40036F469 /* Info.plist */,
			);
			path = Navigation;
			sourceTree = "<group>";
		};
		81DD45E428196EC4004460D4 /* Protocol */ = {
			isa = PBXGroup;
			children = (
				81DD45E528196EE2004460D4 /* TapLikeProtocol.swift */,
			);
			path = Protocol;
			sourceTree = "<group>";
		};
/* End PBXGroup section */

/* Begin PBXNativeTarget section */
		81D6560D27F33DA40036F469 /* Navigation */ = {
			isa = PBXNativeTarget;
			buildConfigurationList = 81D6562227F33DA40036F469 /* Build configuration list for PBXNativeTarget "Navigation" */;
			buildPhases = (
				81D6560A27F33DA40036F469 /* Sources */,
				81D6560B27F33DA40036F469 /* Frameworks */,
				81D6560C27F33DA40036F469 /* Resources */,
			);
			buildRules = (
			);
			dependencies = (
			);
			name = Navigation;
			productName = Navigation;
			productReference = 81D6560E27F33DA40036F469 /* Navigation.app */;
			productType = "com.apple.product-type.application";
		};
/* End PBXNativeTarget section */

/* Begin PBXProject section */
		81D6560627F33DA40036F469 /* Project object */ = {
			isa = PBXProject;
			attributes = {
				BuildIndependentTargetsInParallel = 1;
				LastSwiftUpdateCheck = 1330;
				LastUpgradeCheck = 1330;
				TargetAttributes = {
					81D6560D27F33DA40036F469 = {
						CreatedOnToolsVersion = 13.3;
					};
				};
			};
			buildConfigurationList = 81D6560927F33DA40036F469 /* Build configuration list for PBXProject "Navigation" */;
			compatibilityVersion = "Xcode 13.0";
			developmentRegion = en;
			hasScannedForEncodings = 0;
			knownRegions = (
				en,
				Base,
			);
			mainGroup = 81D6560527F33DA40036F469;
			productRefGroup = 81D6560F27F33DA40036F469 /* Products */;
			projectDirPath = "";
			projectRoot = "";
			targets = (
				81D6560D27F33DA40036F469 /* Navigation */,
			);
		};
/* End PBXProject section */

/* Begin PBXResourcesBuildPhase section */
		81D6560C27F33DA40036F469 /* Resources */ = {
			isa = PBXResourcesBuildPhase;
			buildActionMask = 2147483647;
			files = (
				81D6561E27F33DA40036F469 /* LaunchScreen.storyboard in Resources */,
				81D6561B27F33DA40036F469 /* Assets.xcassets in Resources */,
			);
			runOnlyForDeploymentPostprocessing = 0;
		};
/* End PBXResourcesBuildPhase section */

/* Begin PBXSourcesBuildPhase section */
		81D6560A27F33DA40036F469 /* Sources */ = {
			isa = PBXSourcesBuildPhase;
			buildActionMask = 2147483647;
			files = (
				81EEF6C7281ABAB20050B602 /* FullPhotoViewController.swift in Sources */,
				815F45D9280834F80056173C /* PhotosTableViewCell.swift in Sources */,
				8170C70928089DB400E66DBA /* PhotosCollectionViewCell.swift in Sources */,
				8170C7062808988B00E66DBA /* PhotosViewController.swift in Sources */,
				811CE8D6280D3C4700678FF5 /* PhotoModel.swift in Sources */,
				8161C73728111D8200D781F1 /* GestureViewController.swift in Sources */,
				81CC422B280498440061AD9B /* PostTableViewCell.swift in Sources */,
				81D6562627F347CA0036F469 /* FeedViewController.swift in Sources */,
				819D066127FC733E00841B66 /* LogInViewController.swift in Sources */,
				819DD174281A6EBA00DDC7A8 /* FullPostViewController.swift in Sources */,
				81D6562827F347D70036F469 /* ProfileViewController.swift in Sources */,
				81D6563027F454050036F469 /* InfoViewController.swift in Sources */,
				81D6562C27F354AC0036F469 /* Post.swift in Sources */,
				819DD176281A712D00DDC7A8 /* FullPostView.swift in Sources */,
				81D6561227F33DA40036F469 /* AppDelegate.swift in Sources */,
				81D6562A27F34E640036F469 /* PostViewController.swift in Sources */,
				81FE9696281D7A87004A03F3 /* FullPhotoView.swift in Sources */,
				811D978127F4A08200022B18 /* ProfileHeaderView.swift in Sources */,
				81CC422928048E010061AD9B /* PostModel.swift in Sources */,
				81DD45E628196EE2004460D4 /* TapLikeProtocol.swift in Sources */,
			);
			runOnlyForDeploymentPostprocessing = 0;
		};
/* End PBXSourcesBuildPhase section */

/* Begin PBXVariantGroup section */
		81D6561C27F33DA40036F469 /* LaunchScreen.storyboard */ = {
			isa = PBXVariantGroup;
			children = (
				81D6561D27F33DA40036F469 /* Base */,
			);
			name = LaunchScreen.storyboard;
			sourceTree = "<group>";
		};
/* End PBXVariantGroup section */

/* Begin XCBuildConfiguration section */
		81D6562027F33DA40036F469 /* Debug */ = {
			isa = XCBuildConfiguration;
			buildSettings = {
				ALWAYS_SEARCH_USER_PATHS = NO;
				CLANG_ANALYZER_NONNULL = YES;
				CLANG_ANALYZER_NUMBER_OBJECT_CONVERSION = YES_AGGRESSIVE;
				CLANG_CXX_LANGUAGE_STANDARD = "gnu++17";
				CLANG_ENABLE_MODULES = YES;
				CLANG_ENABLE_OBJC_ARC = YES;
				CLANG_ENABLE_OBJC_WEAK = YES;
				CLANG_WARN_BLOCK_CAPTURE_AUTORELEASING = YES;
				CLANG_WARN_BOOL_CONVERSION = YES;
				CLANG_WARN_COMMA = YES;
				CLANG_WARN_CONSTANT_CONVERSION = YES;
				CLANG_WARN_DEPRECATED_OBJC_IMPLEMENTATIONS = YES;
				CLANG_WARN_DIRECT_OBJC_ISA_USAGE = YES_ERROR;
				CLANG_WARN_DOCUMENTATION_COMMENTS = YES;
				CLANG_WARN_EMPTY_BODY = YES;
				CLANG_WARN_ENUM_CONVERSION = YES;
				CLANG_WARN_INFINITE_RECURSION = YES;
				CLANG_WARN_INT_CONVERSION = YES;
				CLANG_WARN_NON_LITERAL_NULL_CONVERSION = YES;
				CLANG_WARN_OBJC_IMPLICIT_RETAIN_SELF = YES;
				CLANG_WARN_OBJC_LITERAL_CONVERSION = YES;
				CLANG_WARN_OBJC_ROOT_CLASS = YES_ERROR;
				CLANG_WARN_QUOTED_INCLUDE_IN_FRAMEWORK_HEADER = YES;
				CLANG_WARN_RANGE_LOOP_ANALYSIS = YES;
				CLANG_WARN_STRICT_PROTOTYPES = YES;
				CLANG_WARN_SUSPICIOUS_MOVE = YES;
				CLANG_WARN_UNGUARDED_AVAILABILITY = YES_AGGRESSIVE;
				CLANG_WARN_UNREACHABLE_CODE = YES;
				CLANG_WARN__DUPLICATE_METHOD_MATCH = YES;
				COPY_PHASE_STRIP = NO;
				DEBUG_INFORMATION_FORMAT = dwarf;
				ENABLE_STRICT_OBJC_MSGSEND = YES;
				ENABLE_TESTABILITY = YES;
				GCC_C_LANGUAGE_STANDARD = gnu11;
				GCC_DYNAMIC_NO_PIC = NO;
				GCC_NO_COMMON_BLOCKS = YES;
				GCC_OPTIMIZATION_LEVEL = 0;
				GCC_PREPROCESSOR_DEFINITIONS = (
					"DEBUG=1",
					"$(inherited)",
				);
				GCC_WARN_64_TO_32_BIT_CONVERSION = YES;
				GCC_WARN_ABOUT_RETURN_TYPE = YES_ERROR;
				GCC_WARN_UNDECLARED_SELECTOR = YES;
				GCC_WARN_UNINITIALIZED_AUTOS = YES_AGGRESSIVE;
				GCC_WARN_UNUSED_FUNCTION = YES;
				GCC_WARN_UNUSED_VARIABLE = YES;
				IPHONEOS_DEPLOYMENT_TARGET = 15.4;
				MTL_ENABLE_DEBUG_INFO = INCLUDE_SOURCE;
				MTL_FAST_MATH = YES;
				ONLY_ACTIVE_ARCH = YES;
				SDKROOT = iphoneos;
				SWIFT_ACTIVE_COMPILATION_CONDITIONS = DEBUG;
				SWIFT_OPTIMIZATION_LEVEL = "-Onone";
			};
			name = Debug;
		};
		81D6562127F33DA40036F469 /* Release */ = {
			isa = XCBuildConfiguration;
			buildSettings = {
				ALWAYS_SEARCH_USER_PATHS = NO;
				CLANG_ANALYZER_NONNULL = YES;
				CLANG_ANALYZER_NUMBER_OBJECT_CONVERSION = YES_AGGRESSIVE;
				CLANG_CXX_LANGUAGE_STANDARD = "gnu++17";
				CLANG_ENABLE_MODULES = YES;
				CLANG_ENABLE_OBJC_ARC = YES;
				CLANG_ENABLE_OBJC_WEAK = YES;
				CLANG_WARN_BLOCK_CAPTURE_AUTORELEASING = YES;
				CLANG_WARN_BOOL_CONVERSION = YES;
				CLANG_WARN_COMMA = YES;
				CLANG_WARN_CONSTANT_CONVERSION = YES;
				CLANG_WARN_DEPRECATED_OBJC_IMPLEMENTATIONS = YES;
				CLANG_WARN_DIRECT_OBJC_ISA_USAGE = YES_ERROR;
				CLANG_WARN_DOCUMENTATION_COMMENTS = YES;
				CLANG_WARN_EMPTY_BODY = YES;
				CLANG_WARN_ENUM_CONVERSION = YES;
				CLANG_WARN_INFINITE_RECURSION = YES;
				CLANG_WARN_INT_CONVERSION = YES;
				CLANG_WARN_NON_LITERAL_NULL_CONVERSION = YES;
				CLANG_WARN_OBJC_IMPLICIT_RETAIN_SELF = YES;
				CLANG_WARN_OBJC_LITERAL_CONVERSION = YES;
				CLANG_WARN_OBJC_ROOT_CLASS = YES_ERROR;
				CLANG_WARN_QUOTED_INCLUDE_IN_FRAMEWORK_HEADER = YES;
				CLANG_WARN_RANGE_LOOP_ANALYSIS = YES;
				CLANG_WARN_STRICT_PROTOTYPES = YES;
				CLANG_WARN_SUSPICIOUS_MOVE = YES;
				CLANG_WARN_UNGUARDED_AVAILABILITY = YES_AGGRESSIVE;
				CLANG_WARN_UNREACHABLE_CODE = YES;
				CLANG_WARN__DUPLICATE_METHOD_MATCH = YES;
				COPY_PHASE_STRIP = NO;
				DEBUG_INFORMATION_FORMAT = "dwarf-with-dsym";
				ENABLE_NS_ASSERTIONS = NO;
				ENABLE_STRICT_OBJC_MSGSEND = YES;
				GCC_C_LANGUAGE_STANDARD = gnu11;
				GCC_NO_COMMON_BLOCKS = YES;
				GCC_WARN_64_TO_32_BIT_CONVERSION = YES;
				GCC_WARN_ABOUT_RETURN_TYPE = YES_ERROR;
				GCC_WARN_UNDECLARED_SELECTOR = YES;
				GCC_WARN_UNINITIALIZED_AUTOS = YES_AGGRESSIVE;
				GCC_WARN_UNUSED_FUNCTION = YES;
				GCC_WARN_UNUSED_VARIABLE = YES;
				IPHONEOS_DEPLOYMENT_TARGET = 15.4;
				MTL_ENABLE_DEBUG_INFO = NO;
				MTL_FAST_MATH = YES;
				SDKROOT = iphoneos;
				SWIFT_COMPILATION_MODE = wholemodule;
				SWIFT_OPTIMIZATION_LEVEL = "-O";
				VALIDATE_PRODUCT = YES;
			};
			name = Release;
		};
		81D6562327F33DA40036F469 /* Debug */ = {
			isa = XCBuildConfiguration;
			buildSettings = {
				ASSETCATALOG_COMPILER_APPICON_NAME = AppIcon;
				ASSETCATALOG_COMPILER_GLOBAL_ACCENT_COLOR_NAME = AccentColor;
				CODE_SIGN_STYLE = Automatic;
				CURRENT_PROJECT_VERSION = 1;
				DEVELOPMENT_TEAM = X8TA4FBQKF;
				GENERATE_INFOPLIST_FILE = YES;
				INFOPLIST_FILE = Navigation/Info.plist;
				INFOPLIST_KEY_UIApplicationSupportsIndirectInputEvents = YES;
				INFOPLIST_KEY_UILaunchStoryboardName = LaunchScreen;
				INFOPLIST_KEY_UISupportedInterfaceOrientations_iPad = "UIInterfaceOrientationPortrait UIInterfaceOrientationPortraitUpsideDown UIInterfaceOrientationLandscapeLeft UIInterfaceOrientationLandscapeRight";
				INFOPLIST_KEY_UISupportedInterfaceOrientations_iPhone = "UIInterfaceOrientationPortrait UIInterfaceOrientationLandscapeLeft UIInterfaceOrientationLandscapeRight";
				LD_RUNPATH_SEARCH_PATHS = (
					"$(inherited)",
					"@executable_path/Frameworks",
				);
				MARKETING_VERSION = 1.0;
				PRODUCT_BUNDLE_IDENTIFIER = haven.Navigation;
				PRODUCT_NAME = "$(TARGET_NAME)";
				SWIFT_EMIT_LOC_STRINGS = YES;
				SWIFT_VERSION = 5.0;
				TARGETED_DEVICE_FAMILY = "1,2";
			};
			name = Debug;
		};
		81D6562427F33DA40036F469 /* Release */ = {
			isa = XCBuildConfiguration;
			buildSettings = {
				ASSETCATALOG_COMPILER_APPICON_NAME = AppIcon;
				ASSETCATALOG_COMPILER_GLOBAL_ACCENT_COLOR_NAME = AccentColor;
				CODE_SIGN_STYLE = Automatic;
				CURRENT_PROJECT_VERSION = 1;
				DEVELOPMENT_TEAM = X8TA4FBQKF;
				GENERATE_INFOPLIST_FILE = YES;
				INFOPLIST_FILE = Navigation/Info.plist;
				INFOPLIST_KEY_UIApplicationSupportsIndirectInputEvents = YES;
				INFOPLIST_KEY_UILaunchStoryboardName = LaunchScreen;
				INFOPLIST_KEY_UISupportedInterfaceOrientations_iPad = "UIInterfaceOrientationPortrait UIInterfaceOrientationPortraitUpsideDown UIInterfaceOrientationLandscapeLeft UIInterfaceOrientationLandscapeRight";
				INFOPLIST_KEY_UISupportedInterfaceOrientations_iPhone = "UIInterfaceOrientationPortrait UIInterfaceOrientationLandscapeLeft UIInterfaceOrientationLandscapeRight";
				LD_RUNPATH_SEARCH_PATHS = (
					"$(inherited)",
					"@executable_path/Frameworks",
				);
				MARKETING_VERSION = 1.0;
				PRODUCT_BUNDLE_IDENTIFIER = haven.Navigation;
				PRODUCT_NAME = "$(TARGET_NAME)";
				SWIFT_EMIT_LOC_STRINGS = YES;
				SWIFT_VERSION = 5.0;
				TARGETED_DEVICE_FAMILY = "1,2";
			};
			name = Release;
		};
/* End XCBuildConfiguration section */

/* Begin XCConfigurationList section */
		81D6560927F33DA40036F469 /* Build configuration list for PBXProject "Navigation" */ = {
			isa = XCConfigurationList;
			buildConfigurations = (
				81D6562027F33DA40036F469 /* Debug */,
				81D6562127F33DA40036F469 /* Release */,
			);
			defaultConfigurationIsVisible = 0;
			defaultConfigurationName = Release;
		};
		81D6562227F33DA40036F469 /* Build configuration list for PBXNativeTarget "Navigation" */ = {
			isa = XCConfigurationList;
			buildConfigurations = (
				81D6562327F33DA40036F469 /* Debug */,
				81D6562427F33DA40036F469 /* Release */,
			);
			defaultConfigurationIsVisible = 0;
			defaultConfigurationName = Release;
		};
/* End XCConfigurationList section */
	};
	rootObject = 81D6560627F33DA40036F469 /* Project object */;
}
